
Microsoft Visual Studio Solution File, Format Version 12.00
# Visual Studio Version 16
VisualStudioVersion = 16.0.31702.278
MinimumVisualStudioVersion = 10.0.40219.1
Project("{FAE04EC0-301F-11D3-BF4B-00C04F79EFBC}") = "EngieRegexService.Api", "EngieRegexService\EngieRegexService.Api.csproj", "{33DC8CC0-ACE6-4B0F-9BFA-79B84BF864B4}"
EndProject
Project("{FAE04EC0-301F-11D3-BF4B-00C04F79EFBC}") = "EngieRegexEngineService.Test", "EngieRegexEngineService.Test\EngieRegexEngineService.Test.csproj", "{34D3C7A9-625F-4512-A721-EEED30728EDB}"
EndProject
Global
	GlobalSection(SolutionConfigurationPlatforms) = preSolution
		Debug|Any CPU = Debug|Any CPU
		Release|Any CPU = Release|Any CPU
	EndGlobalSection
	GlobalSection(ProjectConfigurationPlatforms) = postSolution
		{33DC8CC0-ACE6-4B0F-9BFA-79B84BF864B4}.Debug|Any CPU.ActiveCfg = Debug|Any CPU
		{33DC8CC0-ACE6-4B0F-9BFA-79B84BF864B4}.Debug|Any CPU.Build.0 = Debug|Any CPU
		{33DC8CC0-ACE6-4B0F-9BFA-79B84BF864B4}.Release|Any CPU.ActiveCfg = Release|Any CPU
		{33DC8CC0-ACE6-4B0F-9BFA-79B84BF864B4}.Release|Any CPU.Build.0 = Release|Any CPU
		{34D3C7A9-625F-4512-A721-EEED30728EDB}.Debug|Any CPU.ActiveCfg = Debug|Any CPU
		{34D3C7A9-625F-4512-A721-EEED30728EDB}.Debug|Any CPU.Build.0 = Debug|Any CPU
		{34D3C7A9-625F-4512-A721-EEED30728EDB}.Release|Any CPU.ActiveCfg = Release|Any CPU
		{34D3C7A9-625F-4512-A721-EEED30728EDB}.Release|Any CPU.Build.0 = Release|Any CPU
	EndGlobalSection
	GlobalSection(SolutionProperties) = preSolution
		HideSolutionNode = FALSE
	EndGlobalSection
	GlobalSection(ExtensibilityGlobals) = postSolution
		SolutionGuid = {F3A24F8F-77B9-490C-AA04-BE956FF0B4B2}
	EndGlobalSection
EndGlobal
